// !$*UTF8*$!
{
	archiveVersion = 1;
	classes = {
	};
	objectVersion = 56;
	objects = {

/* Begin PBXBuildFile section */
		EF43C4C829E470C1008CC94E /* OperaiView.swift in Sources */ = {isa = PBXBuildFile; fileRef = EF43C4C729E470C1008CC94E /* OperaiView.swift */; };
		EF43C4CA29E48590008CC94E /* OperaiController.swift in Sources */ = {isa = PBXBuildFile; fileRef = EF43C4C929E48590008CC94E /* OperaiController.swift */; };
		EF43C4CC29E485C7008CC94E /* Operai.swift in Sources */ = {isa = PBXBuildFile; fileRef = EF43C4CB29E485C7008CC94E /* Operai.swift */; };
		EF43C4D029E4A28A008CC94E /* MultiSelectionCheckBoxView.swift in Sources */ = {isa = PBXBuildFile; fileRef = EF43C4CF29E4A28A008CC94E /* MultiSelectionCheckBoxView.swift */; };
		EF43C4D229E4BA0F008CC94E /* MezziView.swift in Sources */ = {isa = PBXBuildFile; fileRef = EF43C4D129E4BA0F008CC94E /* MezziView.swift */; };
		EF43C4D429E4BB49008CC94E /* Mezzi.swift in Sources */ = {isa = PBXBuildFile; fileRef = EF43C4D329E4BB49008CC94E /* Mezzi.swift */; };
		EF43C4D629E4BC1E008CC94E /* Mezzi Controller.swift in Sources */ = {isa = PBXBuildFile; fileRef = EF43C4D529E4BC1E008CC94E /* Mezzi Controller.swift */; };
		EF725AAC29E05ADF00574EC6 /* ReportCheckApp.swift in Sources */ = {isa = PBXBuildFile; fileRef = EF725AAB29E05ADF00574EC6 /* ReportCheckApp.swift */; };
		EF725AAE29E05ADF00574EC6 /* ContentView.swift in Sources */ = {isa = PBXBuildFile; fileRef = EF725AAD29E05ADF00574EC6 /* ContentView.swift */; };
		EF725AB029E05AE000574EC6 /* Assets.xcassets in Resources */ = {isa = PBXBuildFile; fileRef = EF725AAF29E05AE000574EC6 /* Assets.xcassets */; };
		EF725AB329E05AE000574EC6 /* Preview Assets.xcassets in Resources */ = {isa = PBXBuildFile; fileRef = EF725AB229E05AE000574EC6 /* Preview Assets.xcassets */; };
		EF9E1A6C29E4BFDC00C597B9 /* LavorazioniView.swift in Sources */ = {isa = PBXBuildFile; fileRef = EF9E1A6B29E4BFDC00C597B9 /* LavorazioniView.swift */; };
		EF9E1A6E29E4C35C00C597B9 /* LavorazioniController.swift in Sources */ = {isa = PBXBuildFile; fileRef = EF9E1A6D29E4C35C00C597B9 /* LavorazioniController.swift */; };
		EF9E1A7029E4C36700C597B9 /* Lavorazioni.swift in Sources */ = {isa = PBXBuildFile; fileRef = EF9E1A6F29E4C36700C597B9 /* Lavorazioni.swift */; };
		EF9E1A7229E4CA2C00C597B9 /* NoteView.swift in Sources */ = {isa = PBXBuildFile; fileRef = EF9E1A7129E4CA2C00C597B9 /* NoteView.swift */; };
		EF9E1A7429E4D41000C597B9 /* Reports.swift in Sources */ = {isa = PBXBuildFile; fileRef = EF9E1A7329E4D41000C597B9 /* Reports.swift */; };
		EF9E1A7629E56FC200C597B9 /* ReportView.swift in Sources */ = {isa = PBXBuildFile; fileRef = EF9E1A7529E56FC200C597B9 /* ReportView.swift */; };
		EF9E1A7829E56FD000C597B9 /* ReportController.swift in Sources */ = {isa = PBXBuildFile; fileRef = EF9E1A7729E56FD000C597B9 /* ReportController.swift */; };
		EF9E1A7A29E593A500C597B9 /* SharedView.swift in Sources */ = {isa = PBXBuildFile; fileRef = EF9E1A7929E593A500C597B9 /* SharedView.swift */; };
		EFAEDEC529E31FB50012DE60 /* Logo.swift in Sources */ = {isa = PBXBuildFile; fileRef = EFAEDEC429E31FB50012DE60 /* Logo.swift */; };
		EFAEDEC729E337CE0012DE60 /* CantieriView.swift in Sources */ = {isa = PBXBuildFile; fileRef = EFAEDEC629E337CE0012DE60 /* CantieriView.swift */; };
		EFAEDECA29E440610012DE60 /* LogInController.swift in Sources */ = {isa = PBXBuildFile; fileRef = EFAEDEC929E440610012DE60 /* LogInController.swift */; };
		EFAEDECC29E444BA0012DE60 /* CantieriController.swift in Sources */ = {isa = PBXBuildFile; fileRef = EFAEDECB29E444BA0012DE60 /* CantieriController.swift */; };
		EFFDFE1B29E05E2F00FEAAD6 /* Cantieri.swift in Sources */ = {isa = PBXBuildFile; fileRef = EFFDFE1A29E05E2F00FEAAD6 /* Cantieri.swift */; };
		EFFDFE2129E06CC000FEAAD6 /* APIRequest.swift in Sources */ = {isa = PBXBuildFile; fileRef = EFFDFE2029E06CC000FEAAD6 /* APIRequest.swift */; };
		EFFDFE2329E0769F00FEAAD6 /* NetworkRequest.swift in Sources */ = {isa = PBXBuildFile; fileRef = EFFDFE2229E0769F00FEAAD6 /* NetworkRequest.swift */; };
		EFFDFE3129E0AC7200FEAAD6 /* Users.swift in Sources */ = {isa = PBXBuildFile; fileRef = EFFDFE3029E0AC7200FEAAD6 /* Users.swift */; };
		EFFDFE3329E0AEF100FEAAD6 /* Constants.swift in Sources */ = {isa = PBXBuildFile; fileRef = EFFDFE3229E0AEF100FEAAD6 /* Constants.swift */; };
		EFFDFE3629E0AFA200FEAAD6 /* LogInView.swift in Sources */ = {isa = PBXBuildFile; fileRef = EFFDFE3529E0AFA200FEAAD6 /* LogInView.swift */; };
/* End PBXBuildFile section */

/* Begin PBXFileReference section */
		EF43C4C729E470C1008CC94E /* OperaiView.swift */ = {isa = PBXFileReference; lastKnownFileType = sourcecode.swift; path = OperaiView.swift; sourceTree = "<group>"; };
		EF43C4C929E48590008CC94E /* OperaiController.swift */ = {isa = PBXFileReference; lastKnownFileType = sourcecode.swift; path = OperaiController.swift; sourceTree = "<group>"; };
		EF43C4CB29E485C7008CC94E /* Operai.swift */ = {isa = PBXFileReference; lastKnownFileType = sourcecode.swift; path = Operai.swift; sourceTree = "<group>"; };
		EF43C4CF29E4A28A008CC94E /* MultiSelectionCheckBoxView.swift */ = {isa = PBXFileReference; lastKnownFileType = sourcecode.swift; path = MultiSelectionCheckBoxView.swift; sourceTree = "<group>"; };
		EF43C4D129E4BA0F008CC94E /* MezziView.swift */ = {isa = PBXFileReference; lastKnownFileType = sourcecode.swift; path = MezziView.swift; sourceTree = "<group>"; };
		EF43C4D329E4BB49008CC94E /* Mezzi.swift */ = {isa = PBXFileReference; lastKnownFileType = sourcecode.swift; path = Mezzi.swift; sourceTree = "<group>"; };
		EF43C4D529E4BC1E008CC94E /* Mezzi Controller.swift */ = {isa = PBXFileReference; lastKnownFileType = sourcecode.swift; path = "Mezzi Controller.swift"; sourceTree = "<group>"; };
		EF725AA829E05ADF00574EC6 /* ReportCheck.app */ = {isa = PBXFileReference; explicitFileType = wrapper.application; includeInIndex = 0; path = ReportCheck.app; sourceTree = BUILT_PRODUCTS_DIR; };
		EF725AAB29E05ADF00574EC6 /* ReportCheckApp.swift */ = {isa = PBXFileReference; lastKnownFileType = sourcecode.swift; path = ReportCheckApp.swift; sourceTree = "<group>"; };
		EF725AAD29E05ADF00574EC6 /* ContentView.swift */ = {isa = PBXFileReference; lastKnownFileType = sourcecode.swift; path = ContentView.swift; sourceTree = "<group>"; };
		EF725AAF29E05AE000574EC6 /* Assets.xcassets */ = {isa = PBXFileReference; lastKnownFileType = folder.assetcatalog; path = Assets.xcassets; sourceTree = "<group>"; };
		EF725AB229E05AE000574EC6 /* Preview Assets.xcassets */ = {isa = PBXFileReference; lastKnownFileType = folder.assetcatalog; path = "Preview Assets.xcassets"; sourceTree = "<group>"; };
		EF9E1A6B29E4BFDC00C597B9 /* LavorazioniView.swift */ = {isa = PBXFileReference; lastKnownFileType = sourcecode.swift; path = LavorazioniView.swift; sourceTree = "<group>"; };
		EF9E1A6D29E4C35C00C597B9 /* LavorazioniController.swift */ = {isa = PBXFileReference; lastKnownFileType = sourcecode.swift; path = LavorazioniController.swift; sourceTree = "<group>"; };
		EF9E1A6F29E4C36700C597B9 /* Lavorazioni.swift */ = {isa = PBXFileReference; lastKnownFileType = sourcecode.swift; path = Lavorazioni.swift; sourceTree = "<group>"; };
		EF9E1A7129E4CA2C00C597B9 /* NoteView.swift */ = {isa = PBXFileReference; lastKnownFileType = sourcecode.swift; path = NoteView.swift; sourceTree = "<group>"; };
		EF9E1A7329E4D41000C597B9 /* Reports.swift */ = {isa = PBXFileReference; lastKnownFileType = sourcecode.swift; path = Reports.swift; sourceTree = "<group>"; };
		EF9E1A7529E56FC200C597B9 /* ReportView.swift */ = {isa = PBXFileReference; lastKnownFileType = sourcecode.swift; path = ReportView.swift; sourceTree = "<group>"; };
		EF9E1A7729E56FD000C597B9 /* ReportController.swift */ = {isa = PBXFileReference; lastKnownFileType = sourcecode.swift; path = ReportController.swift; sourceTree = "<group>"; };
		EF9E1A7929E593A500C597B9 /* SharedView.swift */ = {isa = PBXFileReference; lastKnownFileType = sourcecode.swift; path = SharedView.swift; sourceTree = "<group>"; };
		EFAEDEC429E31FB50012DE60 /* Logo.swift */ = {isa = PBXFileReference; lastKnownFileType = sourcecode.swift; path = Logo.swift; sourceTree = "<group>"; };
		EFAEDEC629E337CE0012DE60 /* CantieriView.swift */ = {isa = PBXFileReference; lastKnownFileType = sourcecode.swift; path = CantieriView.swift; sourceTree = "<group>"; };
		EFAEDEC929E440610012DE60 /* LogInController.swift */ = {isa = PBXFileReference; lastKnownFileType = sourcecode.swift; path = LogInController.swift; sourceTree = "<group>"; };
		EFAEDECB29E444BA0012DE60 /* CantieriController.swift */ = {isa = PBXFileReference; lastKnownFileType = sourcecode.swift; path = CantieriController.swift; sourceTree = "<group>"; };
		EFFDFE1A29E05E2F00FEAAD6 /* Cantieri.swift */ = {isa = PBXFileReference; lastKnownFileType = sourcecode.swift; path = Cantieri.swift; sourceTree = "<group>"; };
		EFFDFE2029E06CC000FEAAD6 /* APIRequest.swift */ = {isa = PBXFileReference; lastKnownFileType = sourcecode.swift; path = APIRequest.swift; sourceTree = "<group>"; };
		EFFDFE2229E0769F00FEAAD6 /* NetworkRequest.swift */ = {isa = PBXFileReference; lastKnownFileType = sourcecode.swift; path = NetworkRequest.swift; sourceTree = "<group>"; };
		EFFDFE3029E0AC7200FEAAD6 /* Users.swift */ = {isa = PBXFileReference; lastKnownFileType = sourcecode.swift; path = Users.swift; sourceTree = "<group>"; };
		EFFDFE3229E0AEF100FEAAD6 /* Constants.swift */ = {isa = PBXFileReference; lastKnownFileType = sourcecode.swift; path = Constants.swift; sourceTree = "<group>"; };
		EFFDFE3529E0AFA200FEAAD6 /* LogInView.swift */ = {isa = PBXFileReference; lastKnownFileType = sourcecode.swift; path = LogInView.swift; sourceTree = "<group>"; };
/* End PBXFileReference section */

/* Begin PBXFrameworksBuildPhase section */
		EF725AA529E05ADF00574EC6 /* Frameworks */ = {
			isa = PBXFrameworksBuildPhase;
			buildActionMask = 2147483647;
			files = (
			);
			runOnlyForDeploymentPostprocessing = 0;
		};
/* End PBXFrameworksBuildPhase section */

/* Begin PBXGroup section */
		EF725A9F29E05ADF00574EC6 = {
			isa = PBXGroup;
			children = (
				EF725AAA29E05ADF00574EC6 /* ReportCheck */,
				EF725AA929E05ADF00574EC6 /* Products */,
			);
			sourceTree = "<group>";
		};
		EF725AA929E05ADF00574EC6 /* Products */ = {
			isa = PBXGroup;
			children = (
				EF725AA829E05ADF00574EC6 /* ReportCheck.app */,
			);
			name = Products;
			sourceTree = "<group>";
		};
		EF725AAA29E05ADF00574EC6 /* ReportCheck */ = {
			isa = PBXGroup;
			children = (
				EFAEDECD29E448680012DE60 /* SupportFiles */,
				EFAEDEC829E440500012DE60 /* Controllers */,
				EFFDFE3429E0AF9200FEAAD6 /* Views */,
				EFFDFE1929E05E1900FEAAD6 /* Models */,
				EFFDFE1629E05D1400FEAAD6 /* Networking */,
				EF725AAB29E05ADF00574EC6 /* ReportCheckApp.swift */,
				EF725AAD29E05ADF00574EC6 /* ContentView.swift */,
				EF725AAF29E05AE000574EC6 /* Assets.xcassets */,
				EF725AB129E05AE000574EC6 /* Preview Content */,
			);
			path = ReportCheck;
			sourceTree = "<group>";
		};
		EF725AB129E05AE000574EC6 /* Preview Content */ = {
			isa = PBXGroup;
			children = (
				EF725AB229E05AE000574EC6 /* Preview Assets.xcassets */,
			);
			path = "Preview Content";
			sourceTree = "<group>";
		};
		EFAEDEC829E440500012DE60 /* Controllers */ = {
			isa = PBXGroup;
			children = (
				EFAEDEC929E440610012DE60 /* LogInController.swift */,
				EFAEDECB29E444BA0012DE60 /* CantieriController.swift */,
				EF43C4C929E48590008CC94E /* OperaiController.swift */,
				EF43C4D529E4BC1E008CC94E /* Mezzi Controller.swift */,
				EF9E1A6D29E4C35C00C597B9 /* LavorazioniController.swift */,
				EF9E1A7729E56FD000C597B9 /* ReportController.swift */,
			);
			path = Controllers;
			sourceTree = "<group>";
		};
		EFAEDECD29E448680012DE60 /* SupportFiles */ = {
			isa = PBXGroup;
			children = (
				EFFDFE3229E0AEF100FEAAD6 /* Constants.swift */,
				EF43C4CF29E4A28A008CC94E /* MultiSelectionCheckBoxView.swift */,
			);
			path = SupportFiles;
			sourceTree = "<group>";
		};
		EFFDFE1629E05D1400FEAAD6 /* Networking */ = {
			isa = PBXGroup;
			children = (
				EFFDFE2029E06CC000FEAAD6 /* APIRequest.swift */,
				EFFDFE2229E0769F00FEAAD6 /* NetworkRequest.swift */,
			);
			path = Networking;
			sourceTree = "<group>";
		};
		EFFDFE1929E05E1900FEAAD6 /* Models */ = {
			isa = PBXGroup;
			children = (
				EFFDFE1A29E05E2F00FEAAD6 /* Cantieri.swift */,
				EFFDFE3029E0AC7200FEAAD6 /* Users.swift */,
				EFAEDEC429E31FB50012DE60 /* Logo.swift */,
				EF43C4CB29E485C7008CC94E /* Operai.swift */,
				EF43C4D329E4BB49008CC94E /* Mezzi.swift */,
				EF9E1A6F29E4C36700C597B9 /* Lavorazioni.swift */,
				EF9E1A7329E4D41000C597B9 /* Reports.swift */,
			);
			path = Models;
			sourceTree = "<group>";
		};
		EFFDFE3429E0AF9200FEAAD6 /* Views */ = {
			isa = PBXGroup;
			children = (
				EFFDFE3529E0AFA200FEAAD6 /* LogInView.swift */,
				EFAEDEC629E337CE0012DE60 /* CantieriView.swift */,
				EF43C4C729E470C1008CC94E /* OperaiView.swift */,
				EF43C4D129E4BA0F008CC94E /* MezziView.swift */,
				EF9E1A6B29E4BFDC00C597B9 /* LavorazioniView.swift */,
				EF9E1A7129E4CA2C00C597B9 /* NoteView.swift */,
				EF9E1A7529E56FC200C597B9 /* ReportView.swift */,
				EF9E1A7929E593A500C597B9 /* SharedView.swift */,
			);
			path = Views;
			sourceTree = "<group>";
		};
/* End PBXGroup section */

/* Begin PBXNativeTarget section */
		EF725AA729E05ADF00574EC6 /* ReportCheck */ = {
			isa = PBXNativeTarget;
			buildConfigurationList = EF725AB629E05AE000574EC6 /* Build configuration list for PBXNativeTarget "ReportCheck" */;
			buildPhases = (
				EF725AA429E05ADF00574EC6 /* Sources */,
				EF725AA529E05ADF00574EC6 /* Frameworks */,
				EF725AA629E05ADF00574EC6 /* Resources */,
			);
			buildRules = (
			);
			dependencies = (
			);
			name = ReportCheck;
			productName = ReportCheck;
			productReference = EF725AA829E05ADF00574EC6 /* ReportCheck.app */;
			productType = "com.apple.product-type.application";
		};
/* End PBXNativeTarget section */

/* Begin PBXProject section */
		EF725AA029E05ADF00574EC6 /* Project object */ = {
			isa = PBXProject;
			attributes = {
				BuildIndependentTargetsInParallel = 1;
				LastSwiftUpdateCheck = 1430;
				LastUpgradeCheck = 1430;
				TargetAttributes = {
					EF725AA729E05ADF00574EC6 = {
						CreatedOnToolsVersion = 14.3;
					};
				};
			};
			buildConfigurationList = EF725AA329E05ADF00574EC6 /* Build configuration list for PBXProject "ReportCheck" */;
			compatibilityVersion = "Xcode 14.0";
			developmentRegion = en;
			hasScannedForEncodings = 0;
			knownRegions = (
				en,
				Base,
			);
			mainGroup = EF725A9F29E05ADF00574EC6;
			productRefGroup = EF725AA929E05ADF00574EC6 /* Products */;
			projectDirPath = "";
			projectRoot = "";
			targets = (
				EF725AA729E05ADF00574EC6 /* ReportCheck */,
			);
		};
/* End PBXProject section */

/* Begin PBXResourcesBuildPhase section */
		EF725AA629E05ADF00574EC6 /* Resources */ = {
			isa = PBXResourcesBuildPhase;
			buildActionMask = 2147483647;
			files = (
				EF725AB329E05AE000574EC6 /* Preview Assets.xcassets in Resources */,
				EF725AB029E05AE000574EC6 /* Assets.xcassets in Resources */,
			);
			runOnlyForDeploymentPostprocessing = 0;
		};
/* End PBXResourcesBuildPhase section */

/* Begin PBXSourcesBuildPhase section */
		EF725AA429E05ADF00574EC6 /* Sources */ = {
			isa = PBXSourcesBuildPhase;
			buildActionMask = 2147483647;
			files = (
				EF43C4C829E470C1008CC94E /* OperaiView.swift in Sources */,
				EF9E1A6C29E4BFDC00C597B9 /* LavorazioniView.swift in Sources */,
				EFFDFE1B29E05E2F00FEAAD6 /* Cantieri.swift in Sources */,
				EF9E1A7A29E593A500C597B9 /* SharedView.swift in Sources */,
				EF43C4CC29E485C7008CC94E /* Operai.swift in Sources */,
				EF43C4D429E4BB49008CC94E /* Mezzi.swift in Sources */,
				EF725AAE29E05ADF00574EC6 /* ContentView.swift in Sources */,
				EF9E1A6E29E4C35C00C597B9 /* LavorazioniController.swift in Sources */,
				EFFDFE2129E06CC000FEAAD6 /* APIRequest.swift in Sources */,
				EF725AAC29E05ADF00574EC6 /* ReportCheckApp.swift in Sources */,
				EFAEDEC529E31FB50012DE60 /* Logo.swift in Sources */,
				EFAEDEC729E337CE0012DE60 /* CantieriView.swift in Sources */,
				EF43C4CA29E48590008CC94E /* OperaiController.swift in Sources */,
				EFFDFE3329E0AEF100FEAAD6 /* Constants.swift in Sources */,
				EFFDFE3129E0AC7200FEAAD6 /* Users.swift in Sources */,
				EF43C4D229E4BA0F008CC94E /* MezziView.swift in Sources */,
				EFFDFE3629E0AFA200FEAAD6 /* LogInView.swift in Sources */,
				EF9E1A7229E4CA2C00C597B9 /* NoteView.swift in Sources */,
				EF9E1A7029E4C36700C597B9 /* Lavorazioni.swift in Sources */,
				EF9E1A7629E56FC200C597B9 /* ReportView.swift in Sources */,
				EF43C4D029E4A28A008CC94E /* MultiSelectionCheckBoxView.swift in Sources */,
				EFAEDECA29E440610012DE60 /* LogInController.swift in Sources */,
				EF43C4D629E4BC1E008CC94E /* Mezzi Controller.swift in Sources */,
				EFAEDECC29E444BA0012DE60 /* CantieriController.swift in Sources */,
				EF9E1A7829E56FD000C597B9 /* ReportController.swift in Sources */,
				EFFDFE2329E0769F00FEAAD6 /* NetworkRequest.swift in Sources */,
				EF9E1A7429E4D41000C597B9 /* Reports.swift in Sources */,
			);
			runOnlyForDeploymentPostprocessing = 0;
		};
/* End PBXSourcesBuildPhase section */

/* Begin XCBuildConfiguration section */
		EF725AB429E05AE000574EC6 /* Debug */ = {
			isa = XCBuildConfiguration;
			buildSettings = {
				ALWAYS_SEARCH_USER_PATHS = NO;
				CLANG_ANALYZER_NONNULL = YES;
				CLANG_ANALYZER_NUMBER_OBJECT_CONVERSION = YES_AGGRESSIVE;
				CLANG_CXX_LANGUAGE_STANDARD = "gnu++20";
				CLANG_ENABLE_MODULES = YES;
				CLANG_ENABLE_OBJC_ARC = YES;
				CLANG_ENABLE_OBJC_WEAK = YES;
				CLANG_WARN_BLOCK_CAPTURE_AUTORELEASING = YES;
				CLANG_WARN_BOOL_CONVERSION = YES;
				CLANG_WARN_COMMA = YES;
				CLANG_WARN_CONSTANT_CONVERSION = YES;
				CLANG_WARN_DEPRECATED_OBJC_IMPLEMENTATIONS = YES;
				CLANG_WARN_DIRECT_OBJC_ISA_USAGE = YES_ERROR;
				CLANG_WARN_DOCUMENTATION_COMMENTS = YES;
				CLANG_WARN_EMPTY_BODY = YES;
				CLANG_WARN_ENUM_CONVERSION = YES;
				CLANG_WARN_INFINITE_RECURSION = YES;
				CLANG_WARN_INT_CONVERSION = YES;
				CLANG_WARN_NON_LITERAL_NULL_CONVERSION = YES;
				CLANG_WARN_OBJC_IMPLICIT_RETAIN_SELF = YES;
				CLANG_WARN_OBJC_LITERAL_CONVERSION = YES;
				CLANG_WARN_OBJC_ROOT_CLASS = YES_ERROR;
				CLANG_WARN_QUOTED_INCLUDE_IN_FRAMEWORK_HEADER = YES;
				CLANG_WARN_RANGE_LOOP_ANALYSIS = YES;
				CLANG_WARN_STRICT_PROTOTYPES = YES;
				CLANG_WARN_SUSPICIOUS_MOVE = YES;
				CLANG_WARN_UNGUARDED_AVAILABILITY = YES_AGGRESSIVE;
				CLANG_WARN_UNREACHABLE_CODE = YES;
				CLANG_WARN__DUPLICATE_METHOD_MATCH = YES;
				COPY_PHASE_STRIP = NO;
				DEBUG_INFORMATION_FORMAT = dwarf;
				ENABLE_STRICT_OBJC_MSGSEND = YES;
				ENABLE_TESTABILITY = YES;
				GCC_C_LANGUAGE_STANDARD = gnu11;
				GCC_DYNAMIC_NO_PIC = NO;
				GCC_NO_COMMON_BLOCKS = YES;
				GCC_OPTIMIZATION_LEVEL = 0;
				GCC_PREPROCESSOR_DEFINITIONS = (
					"DEBUG=1",
					"$(inherited)",
				);
				GCC_WARN_64_TO_32_BIT_CONVERSION = YES;
				GCC_WARN_ABOUT_RETURN_TYPE = YES_ERROR;
				GCC_WARN_UNDECLARED_SELECTOR = YES;
				GCC_WARN_UNINITIALIZED_AUTOS = YES_AGGRESSIVE;
				GCC_WARN_UNUSED_FUNCTION = YES;
				GCC_WARN_UNUSED_VARIABLE = YES;
				IPHONEOS_DEPLOYMENT_TARGET = 16.4;
				MTL_ENABLE_DEBUG_INFO = INCLUDE_SOURCE;
				MTL_FAST_MATH = YES;
				ONLY_ACTIVE_ARCH = YES;
				SDKROOT = iphoneos;
				SWIFT_ACTIVE_COMPILATION_CONDITIONS = DEBUG;
				SWIFT_OPTIMIZATION_LEVEL = "-Onone";
			};
			name = Debug;
		};
		EF725AB529E05AE000574EC6 /* Release */ = {
			isa = XCBuildConfiguration;
			buildSettings = {
				ALWAYS_SEARCH_USER_PATHS = NO;
				CLANG_ANALYZER_NONNULL = YES;
				CLANG_ANALYZER_NUMBER_OBJECT_CONVERSION = YES_AGGRESSIVE;
				CLANG_CXX_LANGUAGE_STANDARD = "gnu++20";
				CLANG_ENABLE_MODULES = YES;
				CLANG_ENABLE_OBJC_ARC = YES;
				CLANG_ENABLE_OBJC_WEAK = YES;
				CLANG_WARN_BLOCK_CAPTURE_AUTORELEASING = YES;
				CLANG_WARN_BOOL_CONVERSION = YES;
				CLANG_WARN_COMMA = YES;
				CLANG_WARN_CONSTANT_CONVERSION = YES;
				CLANG_WARN_DEPRECATED_OBJC_IMPLEMENTATIONS = YES;
				CLANG_WARN_DIRECT_OBJC_ISA_USAGE = YES_ERROR;
				CLANG_WARN_DOCUMENTATION_COMMENTS = YES;
				CLANG_WARN_EMPTY_BODY = YES;
				CLANG_WARN_ENUM_CONVERSION = YES;
				CLANG_WARN_INFINITE_RECURSION = YES;
				CLANG_WARN_INT_CONVERSION = YES;
				CLANG_WARN_NON_LITERAL_NULL_CONVERSION = YES;
				CLANG_WARN_OBJC_IMPLICIT_RETAIN_SELF = YES;
				CLANG_WARN_OBJC_LITERAL_CONVERSION = YES;
				CLANG_WARN_OBJC_ROOT_CLASS = YES_ERROR;
				CLANG_WARN_QUOTED_INCLUDE_IN_FRAMEWORK_HEADER = YES;
				CLANG_WARN_RANGE_LOOP_ANALYSIS = YES;
				CLANG_WARN_STRICT_PROTOTYPES = YES;
				CLANG_WARN_SUSPICIOUS_MOVE = YES;
				CLANG_WARN_UNGUARDED_AVAILABILITY = YES_AGGRESSIVE;
				CLANG_WARN_UNREACHABLE_CODE = YES;
				CLANG_WARN__DUPLICATE_METHOD_MATCH = YES;
				COPY_PHASE_STRIP = NO;
				DEBUG_INFORMATION_FORMAT = "dwarf-with-dsym";
				ENABLE_NS_ASSERTIONS = NO;
				ENABLE_STRICT_OBJC_MSGSEND = YES;
				GCC_C_LANGUAGE_STANDARD = gnu11;
				GCC_NO_COMMON_BLOCKS = YES;
				GCC_WARN_64_TO_32_BIT_CONVERSION = YES;
				GCC_WARN_ABOUT_RETURN_TYPE = YES_ERROR;
				GCC_WARN_UNDECLARED_SELECTOR = YES;
				GCC_WARN_UNINITIALIZED_AUTOS = YES_AGGRESSIVE;
				GCC_WARN_UNUSED_FUNCTION = YES;
				GCC_WARN_UNUSED_VARIABLE = YES;
				IPHONEOS_DEPLOYMENT_TARGET = 16.4;
				MTL_ENABLE_DEBUG_INFO = NO;
				MTL_FAST_MATH = YES;
				SDKROOT = iphoneos;
				SWIFT_COMPILATION_MODE = wholemodule;
				SWIFT_OPTIMIZATION_LEVEL = "-O";
				VALIDATE_PRODUCT = YES;
			};
			name = Release;
		};
		EF725AB729E05AE000574EC6 /* Debug */ = {
			isa = XCBuildConfiguration;
			buildSettings = {
				ASSETCATALOG_COMPILER_APPICON_NAME = AppIcon;
				ASSETCATALOG_COMPILER_GLOBAL_ACCENT_COLOR_NAME = AccentColor;
				CODE_SIGN_STYLE = Automatic;
				CURRENT_PROJECT_VERSION = 1;
				DEVELOPMENT_ASSET_PATHS = "\"ReportCheck/Preview Content\"";
				DEVELOPMENT_TEAM = 8MLWSX97TB;
				ENABLE_PREVIEWS = YES;
				GENERATE_INFOPLIST_FILE = YES;
				INFOPLIST_KEY_UIApplicationSceneManifest_Generation = YES;
				INFOPLIST_KEY_UIApplicationSupportsIndirectInputEvents = YES;
				INFOPLIST_KEY_UILaunchScreen_Generation = YES;
				INFOPLIST_KEY_UISupportedInterfaceOrientations_iPad = "UIInterfaceOrientationPortrait UIInterfaceOrientationPortraitUpsideDown UIInterfaceOrientationLandscapeLeft UIInterfaceOrientationLandscapeRight";
				INFOPLIST_KEY_UISupportedInterfaceOrientations_iPhone = "UIInterfaceOrientationPortrait UIInterfaceOrientationLandscapeLeft UIInterfaceOrientationLandscapeRight";
				IPHONEOS_DEPLOYMENT_TARGET = 16.0;
				LD_RUNPATH_SEARCH_PATHS = (
					"$(inherited)",
					"@executable_path/Frameworks",
				);
				MARKETING_VERSION = 1.0;
				PRODUCT_BUNDLE_IDENTIFIER = com.danlo95.ReportCheck;
				PRODUCT_NAME = "$(TARGET_NAME)";
				SWIFT_EMIT_LOC_STRINGS = YES;
				SWIFT_VERSION = 5.0;
				TARGETED_DEVICE_FAMILY = "1,2";
			};
			name = Debug;
		};
		EF725AB829E05AE000574EC6 /* Release */ = {
			isa = XCBuildConfiguration;
			buildSettings = {
				ASSETCATALOG_COMPILER_APPICON_NAME = AppIcon;
				ASSETCATALOG_COMPILER_GLOBAL_ACCENT_COLOR_NAME = AccentColor;
				CODE_SIGN_STYLE = Automatic;
				CURRENT_PROJECT_VERSION = 1;
				DEVELOPMENT_ASSET_PATHS = "\"ReportCheck/Preview Content\"";
				DEVELOPMENT_TEAM = 8MLWSX97TB;
				ENABLE_PREVIEWS = YES;
				GENERATE_INFOPLIST_FILE = YES;
				INFOPLIST_KEY_UIApplicationSceneManifest_Generation = YES;
				INFOPLIST_KEY_UIApplicationSupportsIndirectInputEvents = YES;
				INFOPLIST_KEY_UILaunchScreen_Generation = YES;
				INFOPLIST_KEY_UISupportedInterfaceOrientations_iPad = "UIInterfaceOrientationPortrait UIInterfaceOrientationPortraitUpsideDown UIInterfaceOrientationLandscapeLeft UIInterfaceOrientationLandscapeRight";
				INFOPLIST_KEY_UISupportedInterfaceOrientations_iPhone = "UIInterfaceOrientationPortrait UIInterfaceOrientationLandscapeLeft UIInterfaceOrientationLandscapeRight";
				IPHONEOS_DEPLOYMENT_TARGET = 16.0;
				LD_RUNPATH_SEARCH_PATHS = (
					"$(inherited)",
					"@executable_path/Frameworks",
				);
				MARKETING_VERSION = 1.0;
				PRODUCT_BUNDLE_IDENTIFIER = com.danlo95.ReportCheck;
				PRODUCT_NAME = "$(TARGET_NAME)";
				SWIFT_EMIT_LOC_STRINGS = YES;
				SWIFT_VERSION = 5.0;
				TARGETED_DEVICE_FAMILY = "1,2";
			};
			name = Release;
		};
/* End XCBuildConfiguration section */

/* Begin XCConfigurationList section */
		EF725AA329E05ADF00574EC6 /* Build configuration list for PBXProject "ReportCheck" */ = {
			isa = XCConfigurationList;
			buildConfigurations = (
				EF725AB429E05AE000574EC6 /* Debug */,
				EF725AB529E05AE000574EC6 /* Release */,
			);
			defaultConfigurationIsVisible = 0;
			defaultConfigurationName = Release;
		};
		EF725AB629E05AE000574EC6 /* Build configuration list for PBXNativeTarget "ReportCheck" */ = {
			isa = XCConfigurationList;
			buildConfigurations = (
				EF725AB729E05AE000574EC6 /* Debug */,
				EF725AB829E05AE000574EC6 /* Release */,
			);
			defaultConfigurationIsVisible = 0;
			defaultConfigurationName = Release;
		};
/* End XCConfigurationList section */
	};
	rootObject = EF725AA029E05ADF00574EC6 /* Project object */;
}
